
Microsoft Visual Studio Solution File, Format Version 12.00
# Visual Studio 15
VisualStudioVersion = 15.0.28010.2046
MinimumVisualStudioVersion = 10.0.40219.1
Project("{FAE04EC0-301F-11D3-BF4B-00C04F79EFBC}") = "MyShop.Core", "MyShop.Core\MyShop.Core.csproj", "{871AA4FC-22A3-41F2-9156-C2E577066A25}"
EndProject
Project("{FAE04EC0-301F-11D3-BF4B-00C04F79EFBC}") = "MyShop.Services", "MyShop.Services\MyShop.Services.csproj", "{0EFF8A6F-4387-4A3F-8B8F-B19CEC6943EE}"
EndProject
Project("{FAE04EC0-301F-11D3-BF4B-00C04F79EFBC}") = "MyShop.DataAccess.SQL", "MyShop.DataAccess.SQL\MyShop.DataAccess.SQL.csproj", "{34A44CFB-766D-4BFF-86C4-9EC471993531}"
EndProject
Project("{FAE04EC0-301F-11D3-BF4B-00C04F79EFBC}") = "MyShop.DataAccess.InMemory", "MyShop.DataAccess.InMemory\MyShop.DataAccess.InMemory.csproj", "{4EF62741-A785-4BBC-89FA-68241BCDCEC5}"
EndProject
Project("{FAE04EC0-301F-11D3-BF4B-00C04F79EFBC}") = "MyShop.WebUI", "MyShop.WebUI\MyShop.WebUI.csproj", "{8FAEBA5A-A70C-4B4E-B64F-0EA68561775F}"
EndProject
Project("{FAE04EC0-301F-11D3-BF4B-00C04F79EFBC}") = "MyShop.WebUI.Tests", "MyShop.WebUI.Tests\MyShop.WebUI.Tests.csproj", "{8F76E3D6-F694-4933-9CE8-4C1F71AC86BE}"
EndProject
Global
	GlobalSection(SolutionConfigurationPlatforms) = preSolution
		Debug|Any CPU = Debug|Any CPU
		Release|Any CPU = Release|Any CPU
	EndGlobalSection
	GlobalSection(ProjectConfigurationPlatforms) = postSolution
		{871AA4FC-22A3-41F2-9156-C2E577066A25}.Debug|Any CPU.ActiveCfg = Debug|Any CPU
		{871AA4FC-22A3-41F2-9156-C2E577066A25}.Debug|Any CPU.Build.0 = Debug|Any CPU
		{871AA4FC-22A3-41F2-9156-C2E577066A25}.Release|Any CPU.ActiveCfg = Release|Any CPU
		{871AA4FC-22A3-41F2-9156-C2E577066A25}.Release|Any CPU.Build.0 = Release|Any CPU
		{0EFF8A6F-4387-4A3F-8B8F-B19CEC6943EE}.Debug|Any CPU.ActiveCfg = Debug|Any CPU
		{0EFF8A6F-4387-4A3F-8B8F-B19CEC6943EE}.Debug|Any CPU.Build.0 = Debug|Any CPU
		{0EFF8A6F-4387-4A3F-8B8F-B19CEC6943EE}.Release|Any CPU.ActiveCfg = Release|Any CPU
		{0EFF8A6F-4387-4A3F-8B8F-B19CEC6943EE}.Release|Any CPU.Build.0 = Release|Any CPU
		{34A44CFB-766D-4BFF-86C4-9EC471993531}.Debug|Any CPU.ActiveCfg = Debug|Any CPU
		{34A44CFB-766D-4BFF-86C4-9EC471993531}.Debug|Any CPU.Build.0 = Debug|Any CPU
		{34A44CFB-766D-4BFF-86C4-9EC471993531}.Release|Any CPU.ActiveCfg = Release|Any CPU
		{34A44CFB-766D-4BFF-86C4-9EC471993531}.Release|Any CPU.Build.0 = Release|Any CPU
		{4EF62741-A785-4BBC-89FA-68241BCDCEC5}.Debug|Any CPU.ActiveCfg = Debug|Any CPU
		{4EF62741-A785-4BBC-89FA-68241BCDCEC5}.Debug|Any CPU.Build.0 = Debug|Any CPU
		{4EF62741-A785-4BBC-89FA-68241BCDCEC5}.Release|Any CPU.ActiveCfg = Release|Any CPU
		{4EF62741-A785-4BBC-89FA-68241BCDCEC5}.Release|Any CPU.Build.0 = Release|Any CPU
		{8FAEBA5A-A70C-4B4E-B64F-0EA68561775F}.Debug|Any CPU.ActiveCfg = Debug|Any CPU
		{8FAEBA5A-A70C-4B4E-B64F-0EA68561775F}.Debug|Any CPU.Build.0 = Debug|Any CPU
		{8FAEBA5A-A70C-4B4E-B64F-0EA68561775F}.Release|Any CPU.ActiveCfg = Release|Any CPU
		{8FAEBA5A-A70C-4B4E-B64F-0EA68561775F}.Release|Any CPU.Build.0 = Release|Any CPU
		{8F76E3D6-F694-4933-9CE8-4C1F71AC86BE}.Debug|Any CPU.ActiveCfg = Debug|Any CPU
		{8F76E3D6-F694-4933-9CE8-4C1F71AC86BE}.Debug|Any CPU.Build.0 = Debug|Any CPU
		{8F76E3D6-F694-4933-9CE8-4C1F71AC86BE}.Release|Any CPU.ActiveCfg = Release|Any CPU
		{8F76E3D6-F694-4933-9CE8-4C1F71AC86BE}.Release|Any CPU.Build.0 = Release|Any CPU
	EndGlobalSection
	GlobalSection(SolutionProperties) = preSolution
		HideSolutionNode = FALSE
	EndGlobalSection
	GlobalSection(ExtensibilityGlobals) = postSolution
		SolutionGuid = {281EEFB3-A550-4FFB-883E-C9084A8932BA}
	EndGlobalSection
EndGlobal
